
Microsoft Visual Studio Solution File, Format Version 12.00
# Visual Studio 14
VisualStudioVersion = 14.0.25420.1
MinimumVisualStudioVersion = 10.0.40219.1
Project("{2150E333-8FDC-42A3-9474-1A3956D46DE8}") = "src", "src", "{8053A06F-B6C2-4A38-B849-B9EE0A9726D0}"
EndProject
Project("{8BB2217D-0F2D-49D1-97BC-3654ED321F3B}") = "Itinero.Logistics", "src\Itinero.Logistics\Itinero.Logistics.xproj", "{DFE848AE-7A00-419E-B06E-59EE34F33927}"
EndProject
Project("{8BB2217D-0F2D-49D1-97BC-3654ED321F3B}") = "Itinero.Logistics.Routing", "src\Itinero.Logistics.Routing\Itinero.Logistics.Routing.xproj", "{AB7D6985-99B9-420A-B9A9-FBD012F691E0}"
EndProject
Project("{2150E333-8FDC-42A3-9474-1A3956D46DE8}") = "test", "test", "{386F4425-15BF-4E78-96BC-740E4D082BF3}"
EndProject
Project("{8BB2217D-0F2D-49D1-97BC-3654ED321F3B}") = "Itinero.Logistics.Tests", "test\Itinero.Logistics.Tests\Itinero.Logistics.Tests.xproj", "{53BF2CBC-3751-41BB-A305-FE2D4CFB8E32}"
EndProject
Project("{2150E333-8FDC-42A3-9474-1A3956D46DE8}") = "Solution Items", "Solution Items", "{8D1BB5CF-5C29-47D3-B23D-107E9969B542}"
	ProjectSection(SolutionItems) = preProject
		global.json = global.json
	EndProjectSection
EndProject
Project("{8BB2217D-0F2D-49D1-97BC-3654ED321F3B}") = "Itinero.Logistics.Tests.Functional", "test\Itinero.Logistics.Tests.Functional\Itinero.Logistics.Tests.Functional.xproj", "{E73AD648-6AB7-4F43-8A46-3F7760F8BEDF}"
EndProject
Global
	GlobalSection(SolutionConfigurationPlatforms) = preSolution
		Debug|Any CPU = Debug|Any CPU
		Release|Any CPU = Release|Any CPU
	EndGlobalSection
	GlobalSection(ProjectConfigurationPlatforms) = postSolution
		{DFE848AE-7A00-419E-B06E-59EE34F33927}.Debug|Any CPU.ActiveCfg = Debug|Any CPU
		{DFE848AE-7A00-419E-B06E-59EE34F33927}.Debug|Any CPU.Build.0 = Debug|Any CPU
		{DFE848AE-7A00-419E-B06E-59EE34F33927}.Release|Any CPU.ActiveCfg = Release|Any CPU
		{DFE848AE-7A00-419E-B06E-59EE34F33927}.Release|Any CPU.Build.0 = Release|Any CPU
		{AB7D6985-99B9-420A-B9A9-FBD012F691E0}.Debug|Any CPU.ActiveCfg = Debug|Any CPU
		{AB7D6985-99B9-420A-B9A9-FBD012F691E0}.Debug|Any CPU.Build.0 = Debug|Any CPU
		{AB7D6985-99B9-420A-B9A9-FBD012F691E0}.Release|Any CPU.ActiveCfg = Release|Any CPU
		{AB7D6985-99B9-420A-B9A9-FBD012F691E0}.Release|Any CPU.Build.0 = Release|Any CPU
		{53BF2CBC-3751-41BB-A305-FE2D4CFB8E32}.Debug|Any CPU.ActiveCfg = Debug|Any CPU
		{53BF2CBC-3751-41BB-A305-FE2D4CFB8E32}.Debug|Any CPU.Build.0 = Debug|Any CPU
		{53BF2CBC-3751-41BB-A305-FE2D4CFB8E32}.Release|Any CPU.ActiveCfg = Release|Any CPU
		{53BF2CBC-3751-41BB-A305-FE2D4CFB8E32}.Release|Any CPU.Build.0 = Release|Any CPU
		{E73AD648-6AB7-4F43-8A46-3F7760F8BEDF}.Debug|Any CPU.ActiveCfg = Debug|Any CPU
		{E73AD648-6AB7-4F43-8A46-3F7760F8BEDF}.Debug|Any CPU.Build.0 = Debug|Any CPU
		{E73AD648-6AB7-4F43-8A46-3F7760F8BEDF}.Release|Any CPU.ActiveCfg = Release|Any CPU
		{E73AD648-6AB7-4F43-8A46-3F7760F8BEDF}.Release|Any CPU.Build.0 = Release|Any CPU
	EndGlobalSection
	GlobalSection(SolutionProperties) = preSolution
		HideSolutionNode = FALSE
	EndGlobalSection
	GlobalSection(NestedProjects) = preSolution
		{DFE848AE-7A00-419E-B06E-59EE34F33927} = {8053A06F-B6C2-4A38-B849-B9EE0A9726D0}
		{AB7D6985-99B9-420A-B9A9-FBD012F691E0} = {8053A06F-B6C2-4A38-B849-B9EE0A9726D0}
		{53BF2CBC-3751-41BB-A305-FE2D4CFB8E32} = {386F4425-15BF-4E78-96BC-740E4D082BF3}
		{E73AD648-6AB7-4F43-8A46-3F7760F8BEDF} = {386F4425-15BF-4E78-96BC-740E4D082BF3}
	EndGlobalSection
EndGlobal
